PODS:
  - Alamofire (3.3.0)
  - SwiftyJSON (2.3.2)

DEPENDENCIES:
  - Alamofire (~> 3.x)
  - SwiftyJSON

SPEC CHECKSUMS:
  Alamofire: 9054db4a1b1ca9e363223183e01cea380159a27c
  SwiftyJSON: 04ccea08915aa0109039157c7974cf0298da292a

PODFILE CHECKSUM: c9ec12ea75094f8328de353f5c96a7a900d02f82

COCOAPODS: 1.0.1
